
Microsoft Visual Studio Solution File, Format Version 12.00
# Visual Studio Version 17
VisualStudioVersion = 17.7.34009.444
MinimumVisualStudioVersion = 10.0.40219.1
Project("{FAE04EC0-301F-11D3-BF4B-00C04F79EFBC}") = "Stopwatch", "Stopwatch\Stopwatch.csproj", "{75428B76-759A-4C0A-873A-6548D47D2755}"
EndProject
Global
	GlobalSection(SolutionConfigurationPlatforms) = preSolution
		Debug|Any CPU = Debug|Any CPU
		Release|Any CPU = Release|Any CPU
	EndGlobalSection
	GlobalSection(ProjectConfigurationPlatforms) = postSolution
		{75428B76-759A-4C0A-873A-6548D47D2755}.Debug|Any CPU.ActiveCfg = Debug|Any CPU
		{75428B76-759A-4C0A-873A-6548D47D2755}.Debug|Any CPU.Build.0 = Debug|Any CPU
		{75428B76-759A-4C0A-873A-6548D47D2755}.Release|Any CPU.ActiveCfg = Release|Any CPU
		{75428B76-759A-4C0A-873A-6548D47D2755}.Release|Any CPU.Build.0 = Release|Any CPU
	EndGlobalSection
	GlobalSection(SolutionProperties) = preSolution
		HideSolutionNode = FALSE
	EndGlobalSection
	GlobalSection(ExtensibilityGlobals) = postSolution
		SolutionGuid = {2D7B08A5-5C3A-4DDC-8916-57F2E7862654}
	EndGlobalSection
EndGlobal
